
Microsoft Visual Studio Solution File, Format Version 12.00
# Visual Studio Version 16
VisualStudioVersion = 16.0.28922.388
MinimumVisualStudioVersion = 10.0.40219.1
Project("{FAE04EC0-301F-11D3-BF4B-00C04F79EFBC}") = "PicknPay", "PicknPay.csproj", "{F3F2878A-49D4-4385-8979-E0991CC91C8A}"
EndProject
Global
	GlobalSection(SolutionConfigurationPlatforms) = preSolution
		Debug|Any CPU = Debug|Any CPU
		Release|Any CPU = Release|Any CPU
	EndGlobalSection
	GlobalSection(ProjectConfigurationPlatforms) = postSolution
		{F3F2878A-49D4-4385-8979-E0991CC91C8A}.Debug|Any CPU.ActiveCfg = Debug|Any CPU
		{F3F2878A-49D4-4385-8979-E0991CC91C8A}.Debug|Any CPU.Build.0 = Debug|Any CPU
		{F3F2878A-49D4-4385-8979-E0991CC91C8A}.Release|Any CPU.ActiveCfg = Release|Any CPU
		{F3F2878A-49D4-4385-8979-E0991CC91C8A}.Release|Any CPU.Build.0 = Release|Any CPU
	EndGlobalSection
	GlobalSection(SolutionProperties) = preSolution
		HideSolutionNode = FALSE
	EndGlobalSection
	GlobalSection(ExtensibilityGlobals) = postSolution
		SolutionGuid = {3872A922-F6AC-484B-98B6-7D0101D8A10E}
	EndGlobalSection
EndGlobal
